// !$*UTF8*$!
{
	archiveVersion = 1;
	classes = {
	};
	objectVersion = 56;
	objects = {

/* Begin PBXBuildFile section */
		860108AE28EEA2CC00028D8F /* main.swift in Sources */ = {isa = PBXBuildFile; fileRef = 860108AD28EEA2CC00028D8F /* main.swift */; };
/* End PBXBuildFile section */

/* Begin PBXCopyFilesBuildPhase section */
		860108A828EEA2CC00028D8F /* CopyFiles */ = {
			isa = PBXCopyFilesBuildPhase;
			buildActionMask = 2147483647;
			dstPath = /usr/share/man/man1/;
			dstSubfolderSpec = 0;
			files = (
			);
			runOnlyForDeploymentPostprocessing = 1;
		};
/* End PBXCopyFilesBuildPhase section */

/* Begin PBXFileReference section */
		860108AA28EEA2CC00028D8F /* Bgorithm */ = {isa = PBXFileReference; explicitFileType = "compiled.mach-o.executable"; includeInIndex = 0; path = Bgorithm; sourceTree = BUILT_PRODUCTS_DIR; };
		860108AD28EEA2CC00028D8F /* main.swift */ = {isa = PBXFileReference; lastKnownFileType = sourcecode.swift; path = main.swift; sourceTree = "<group>"; };
		860108B528EEA2F400028D8F /* Queue.swift */ = {isa = PBXFileReference; lastKnownFileType = sourcecode.swift; path = Queue.swift; sourceTree = "<group>"; };
		8647A8D528FFFA7A0070DF87 /* BQ24173.swift */ = {isa = PBXFileReference; lastKnownFileType = sourcecode.swift; path = BQ24173.swift; sourceTree = "<group>"; };
		8647A8D6290013100070DF87 /* BubbleSort.swift */ = {isa = PBXFileReference; lastKnownFileType = sourcecode.swift; path = BubbleSort.swift; sourceTree = "<group>"; };
		865625A829011A6B00963150 /* SelectionSort.swift */ = {isa = PBXFileReference; lastKnownFileType = sourcecode.swift; path = SelectionSort.swift; sourceTree = "<group>"; };
		86AB1C7D28F6DCB7007C665D /* LinkedList.swift */ = {isa = PBXFileReference; lastKnownFileType = sourcecode.swift; path = LinkedList.swift; sourceTree = "<group>"; };
		86AB1C8028F6E2C5007C665D /* DoublyLinkedList.swift */ = {isa = PBXFileReference; lastKnownFileType = sourcecode.swift; path = DoublyLinkedList.swift; sourceTree = "<group>"; };
		86AB1C8128F84902007C665D /* PriorityQueue.swift */ = {isa = PBXFileReference; lastKnownFileType = sourcecode.swift; path = PriorityQueue.swift; sourceTree = "<group>"; };
		86AB1C8428F849C4007C665D /* Heap.swift */ = {isa = PBXFileReference; lastKnownFileType = sourcecode.swift; path = Heap.swift; sourceTree = "<group>"; };
		86CF1C5D28FDCDC900238462 /* BinarySearchTree.swift */ = {isa = PBXFileReference; lastKnownFileType = sourcecode.swift; path = BinarySearchTree.swift; sourceTree = "<group>"; };
		8F31B91A291A36BF00BBE49E /* Retry1_BQ2606_BFS.swift */ = {isa = PBXFileReference; lastKnownFileType = sourcecode.swift; path = Retry1_BQ2606_BFS.swift; sourceTree = "<group>"; };
		8F31B91B291A373100BBE49E /* Retry2_BQ2606_BFS.swift */ = {isa = PBXFileReference; lastKnownFileType = sourcecode.swift; path = Retry2_BQ2606_BFS.swift; sourceTree = "<group>"; };
		8F76B718291553A600481528 /* InsertionSort.swift */ = {isa = PBXFileReference; lastKnownFileType = sourcecode.swift; path = InsertionSort.swift; sourceTree = "<group>"; };
		8F76B7192915546E00481528 /* Description */ = {isa = PBXFileReference; lastKnownFileType = folder; path = Description; sourceTree = "<group>"; };
		8FA7DD6C2917E633007921E8 /* PQ43165-TargetNumber.swift */ = {isa = PBXFileReference; lastKnownFileType = sourcecode.swift; path = "PQ43165-TargetNumber.swift"; sourceTree = "<group>"; };
		8FA7DD6F29194EF1007921E8 /* BQ2606_BFS.swift */ = {isa = PBXFileReference; lastKnownFileType = sourcecode.swift; path = BQ2606_BFS.swift; sourceTree = "<group>"; };
/* End PBXFileReference section */

/* Begin PBXFrameworksBuildPhase section */
		860108A728EEA2CC00028D8F /* Frameworks */ = {
			isa = PBXFrameworksBuildPhase;
			buildActionMask = 2147483647;
			files = (
			);
			runOnlyForDeploymentPostprocessing = 0;
		};
/* End PBXFrameworksBuildPhase section */

/* Begin PBXGroup section */
		860108A128EEA2CC00028D8F = {
			isa = PBXGroup;
			children = (
				860108AC28EEA2CC00028D8F /* Bgorithm */,
				860108AB28EEA2CC00028D8F /* Products */,
			);
			sourceTree = "<group>";
		};
		860108AB28EEA2CC00028D8F /* Products */ = {
			isa = PBXGroup;
			children = (
				860108AA28EEA2CC00028D8F /* Bgorithm */,
			);
			name = Products;
			sourceTree = "<group>";
		};
		860108AC28EEA2CC00028D8F /* Bgorithm */ = {
			isa = PBXGroup;
			children = (
				8F76B7192915546E00481528 /* Description */,
				860108AD28EEA2CC00028D8F /* main.swift */,
				86CF1C5F28FED5AA00238462 /* 22-10 */,
				8FA7DD6A2917E4FB007921E8 /* 22-11 */,
				860108B428EEA2D500028D8F /* Structures */,
			);
			path = Bgorithm;
			sourceTree = "<group>";
		};
		860108B428EEA2D500028D8F /* Structures */ = {
			isa = PBXGroup;
			children = (
				860108B528EEA2F400028D8F /* Queue.swift */,
				86AB1C7D28F6DCB7007C665D /* LinkedList.swift */,
				86AB1C8028F6E2C5007C665D /* DoublyLinkedList.swift */,
				86AB1C8128F84902007C665D /* PriorityQueue.swift */,
				86AB1C8428F849C4007C665D /* Heap.swift */,
				86CF1C5D28FDCDC900238462 /* BinarySearchTree.swift */,
			);
			path = Structures;
			sourceTree = "<group>";
		};
		8647A8D428FFFA290070DF87 /* 10-19 */ = {
			isa = PBXGroup;
			children = (
				8647A8D528FFFA7A0070DF87 /* BQ24173.swift */,
				8647A8D6290013100070DF87 /* BubbleSort.swift */,
			);
			path = "10-19";
			sourceTree = "<group>";
		};
		865625A7290119EF00963150 /* 10-20 */ = {
			isa = PBXGroup;
			children = (
				865625A829011A6B00963150 /* SelectionSort.swift */,
			);
			path = "10-20";
			sourceTree = "<group>";
		};
		86CF1C5F28FED5AA00238462 /* 22-10 */ = {
			isa = PBXGroup;
			children = (
				8F76B7162915538400481528 /* 10-21 */,
				865625A7290119EF00963150 /* 10-20 */,
				8647A8D428FFFA290070DF87 /* 10-19 */,
			);
			path = "22-10";
			sourceTree = "<group>";
		};
		8F31B918291A2A7200BBE49E /* 11-08 */ = {
			isa = PBXGroup;
			children = (
				8F31B91A291A36BF00BBE49E /* Retry1_BQ2606_BFS.swift */,
				8F31B91B291A373100BBE49E /* Retry2_BQ2606_BFS.swift */,
			);
			path = "11-08";
			sourceTree = "<group>";
		};
		8F76B7162915538400481528 /* 10-21 */ = {
			isa = PBXGroup;
			children = (
				8F76B718291553A600481528 /* InsertionSort.swift */,
			);
			path = "10-21";
			sourceTree = "<group>";
		};
		8FA7DD6A2917E4FB007921E8 /* 22-11 */ = {
			isa = PBXGroup;
			children = (
				8F31B918291A2A7200BBE49E /* 11-08 */,
				8FA7DD6E29194EC8007921E8 /* 11-07 */,
				8FA7DD6B2917E54C007921E8 /* 11-06 */,
			);
			path = "22-11";
			sourceTree = "<group>";
		};
		8FA7DD6B2917E54C007921E8 /* 11-06 */ = {
			isa = PBXGroup;
			children = (
				8FA7DD6C2917E633007921E8 /* PQ43165-TargetNumber.swift */,
			);
			path = "11-06";
			sourceTree = "<group>";
		};
		8FA7DD6E29194EC8007921E8 /* 11-07 */ = {
			isa = PBXGroup;
			children = (
				8FA7DD6F29194EF1007921E8 /* BQ2606_BFS.swift */,
			);
			path = "11-07";
			sourceTree = "<group>";
		};
/* End PBXGroup section */

/* Begin PBXNativeTarget section */
		860108A928EEA2CC00028D8F /* Bgorithm */ = {
			isa = PBXNativeTarget;
			buildConfigurationList = 860108B128EEA2CC00028D8F /* Build configuration list for PBXNativeTarget "Bgorithm" */;
			buildPhases = (
				860108A628EEA2CC00028D8F /* Sources */,
				860108A728EEA2CC00028D8F /* Frameworks */,
				860108A828EEA2CC00028D8F /* CopyFiles */,
			);
			buildRules = (
			);
			dependencies = (
			);
			name = Bgorithm;
			productName = Bgorithm;
			productReference = 860108AA28EEA2CC00028D8F /* Bgorithm */;
			productType = "com.apple.product-type.tool";
		};
/* End PBXNativeTarget section */

/* Begin PBXProject section */
		860108A228EEA2CC00028D8F /* Project object */ = {
			isa = PBXProject;
			attributes = {
				BuildIndependentTargetsInParallel = 1;
				LastSwiftUpdateCheck = 1400;
				LastUpgradeCheck = 1400;
				TargetAttributes = {
					860108A928EEA2CC00028D8F = {
						CreatedOnToolsVersion = 14.0.1;
					};
				};
			};
			buildConfigurationList = 860108A528EEA2CC00028D8F /* Build configuration list for PBXProject "Bgorithm" */;
			compatibilityVersion = "Xcode 14.0";
			developmentRegion = en;
			hasScannedForEncodings = 0;
			knownRegions = (
				en,
				Base,
			);
			mainGroup = 860108A128EEA2CC00028D8F;
			productRefGroup = 860108AB28EEA2CC00028D8F /* Products */;
			projectDirPath = "";
			projectRoot = "";
			targets = (
				860108A928EEA2CC00028D8F /* Bgorithm */,
			);
		};
/* End PBXProject section */

/* Begin PBXSourcesBuildPhase section */
		860108A628EEA2CC00028D8F /* Sources */ = {
			isa = PBXSourcesBuildPhase;
			buildActionMask = 2147483647;
			files = (
				860108AE28EEA2CC00028D8F /* main.swift in Sources */,
			);
			runOnlyForDeploymentPostprocessing = 0;
		};
/* End PBXSourcesBuildPhase section */

/* Begin XCBuildConfiguration section */
		860108AF28EEA2CC00028D8F /* Debug */ = {
			isa = XCBuildConfiguration;
			buildSettings = {
				ALWAYS_SEARCH_USER_PATHS = NO;
				CLANG_ANALYZER_NONNULL = YES;
				CLANG_ANALYZER_NUMBER_OBJECT_CONVERSION = YES_AGGRESSIVE;
				CLANG_CXX_LANGUAGE_STANDARD = "gnu++20";
				CLANG_ENABLE_MODULES = YES;
				CLANG_ENABLE_OBJC_ARC = YES;
				CLANG_ENABLE_OBJC_WEAK = YES;
				CLANG_WARN_BLOCK_CAPTURE_AUTORELEASING = YES;
				CLANG_WARN_BOOL_CONVERSION = YES;
				CLANG_WARN_COMMA = YES;
				CLANG_WARN_CONSTANT_CONVERSION = YES;
				CLANG_WARN_DEPRECATED_OBJC_IMPLEMENTATIONS = YES;
				CLANG_WARN_DIRECT_OBJC_ISA_USAGE = YES_ERROR;
				CLANG_WARN_DOCUMENTATION_COMMENTS = YES;
				CLANG_WARN_EMPTY_BODY = YES;
				CLANG_WARN_ENUM_CONVERSION = YES;
				CLANG_WARN_INFINITE_RECURSION = YES;
				CLANG_WARN_INT_CONVERSION = YES;
				CLANG_WARN_NON_LITERAL_NULL_CONVERSION = YES;
				CLANG_WARN_OBJC_IMPLICIT_RETAIN_SELF = YES;
				CLANG_WARN_OBJC_LITERAL_CONVERSION = YES;
				CLANG_WARN_OBJC_ROOT_CLASS = YES_ERROR;
				CLANG_WARN_QUOTED_INCLUDE_IN_FRAMEWORK_HEADER = YES;
				CLANG_WARN_RANGE_LOOP_ANALYSIS = YES;
				CLANG_WARN_STRICT_PROTOTYPES = YES;
				CLANG_WARN_SUSPICIOUS_MOVE = YES;
				CLANG_WARN_UNGUARDED_AVAILABILITY = YES_AGGRESSIVE;
				CLANG_WARN_UNREACHABLE_CODE = YES;
				CLANG_WARN__DUPLICATE_METHOD_MATCH = YES;
				COPY_PHASE_STRIP = NO;
				DEBUG_INFORMATION_FORMAT = dwarf;
				ENABLE_STRICT_OBJC_MSGSEND = YES;
				ENABLE_TESTABILITY = YES;
				GCC_C_LANGUAGE_STANDARD = gnu11;
				GCC_DYNAMIC_NO_PIC = NO;
				GCC_NO_COMMON_BLOCKS = YES;
				GCC_OPTIMIZATION_LEVEL = 0;
				GCC_PREPROCESSOR_DEFINITIONS = (
					"DEBUG=1",
					"$(inherited)",
				);
				GCC_WARN_64_TO_32_BIT_CONVERSION = YES;
				GCC_WARN_ABOUT_RETURN_TYPE = YES_ERROR;
				GCC_WARN_UNDECLARED_SELECTOR = YES;
				GCC_WARN_UNINITIALIZED_AUTOS = YES_AGGRESSIVE;
				GCC_WARN_UNUSED_FUNCTION = YES;
				GCC_WARN_UNUSED_VARIABLE = YES;
				MACOSX_DEPLOYMENT_TARGET = 12.3;
				MTL_ENABLE_DEBUG_INFO = INCLUDE_SOURCE;
				MTL_FAST_MATH = YES;
				ONLY_ACTIVE_ARCH = YES;
				SDKROOT = macosx;
				SWIFT_ACTIVE_COMPILATION_CONDITIONS = DEBUG;
				SWIFT_OPTIMIZATION_LEVEL = "-Onone";
			};
			name = Debug;
		};
		860108B028EEA2CC00028D8F /* Release */ = {
			isa = XCBuildConfiguration;
			buildSettings = {
				ALWAYS_SEARCH_USER_PATHS = NO;
				CLANG_ANALYZER_NONNULL = YES;
				CLANG_ANALYZER_NUMBER_OBJECT_CONVERSION = YES_AGGRESSIVE;
				CLANG_CXX_LANGUAGE_STANDARD = "gnu++20";
				CLANG_ENABLE_MODULES = YES;
				CLANG_ENABLE_OBJC_ARC = YES;
				CLANG_ENABLE_OBJC_WEAK = YES;
				CLANG_WARN_BLOCK_CAPTURE_AUTORELEASING = YES;
				CLANG_WARN_BOOL_CONVERSION = YES;
				CLANG_WARN_COMMA = YES;
				CLANG_WARN_CONSTANT_CONVERSION = YES;
				CLANG_WARN_DEPRECATED_OBJC_IMPLEMENTATIONS = YES;
				CLANG_WARN_DIRECT_OBJC_ISA_USAGE = YES_ERROR;
				CLANG_WARN_DOCUMENTATION_COMMENTS = YES;
				CLANG_WARN_EMPTY_BODY = YES;
				CLANG_WARN_ENUM_CONVERSION = YES;
				CLANG_WARN_INFINITE_RECURSION = YES;
				CLANG_WARN_INT_CONVERSION = YES;
				CLANG_WARN_NON_LITERAL_NULL_CONVERSION = YES;
				CLANG_WARN_OBJC_IMPLICIT_RETAIN_SELF = YES;
				CLANG_WARN_OBJC_LITERAL_CONVERSION = YES;
				CLANG_WARN_OBJC_ROOT_CLASS = YES_ERROR;
				CLANG_WARN_QUOTED_INCLUDE_IN_FRAMEWORK_HEADER = YES;
				CLANG_WARN_RANGE_LOOP_ANALYSIS = YES;
				CLANG_WARN_STRICT_PROTOTYPES = YES;
				CLANG_WARN_SUSPICIOUS_MOVE = YES;
				CLANG_WARN_UNGUARDED_AVAILABILITY = YES_AGGRESSIVE;
				CLANG_WARN_UNREACHABLE_CODE = YES;
				CLANG_WARN__DUPLICATE_METHOD_MATCH = YES;
				COPY_PHASE_STRIP = NO;
				DEBUG_INFORMATION_FORMAT = "dwarf-with-dsym";
				ENABLE_NS_ASSERTIONS = NO;
				ENABLE_STRICT_OBJC_MSGSEND = YES;
				GCC_C_LANGUAGE_STANDARD = gnu11;
				GCC_NO_COMMON_BLOCKS = YES;
				GCC_WARN_64_TO_32_BIT_CONVERSION = YES;
				GCC_WARN_ABOUT_RETURN_TYPE = YES_ERROR;
				GCC_WARN_UNDECLARED_SELECTOR = YES;
				GCC_WARN_UNINITIALIZED_AUTOS = YES_AGGRESSIVE;
				GCC_WARN_UNUSED_FUNCTION = YES;
				GCC_WARN_UNUSED_VARIABLE = YES;
				MACOSX_DEPLOYMENT_TARGET = 12.3;
				MTL_ENABLE_DEBUG_INFO = NO;
				MTL_FAST_MATH = YES;
				SDKROOT = macosx;
				SWIFT_COMPILATION_MODE = wholemodule;
				SWIFT_OPTIMIZATION_LEVEL = "-O";
			};
			name = Release;
		};
		860108B228EEA2CC00028D8F /* Debug */ = {
			isa = XCBuildConfiguration;
			buildSettings = {
				CODE_SIGN_STYLE = Automatic;
				DEVELOPMENT_TEAM = 62SDS28JUT;
				ENABLE_HARDENED_RUNTIME = YES;
				PRODUCT_NAME = "$(TARGET_NAME)";
				SWIFT_VERSION = 5.0;
			};
			name = Debug;
		};
		860108B328EEA2CC00028D8F /* Release */ = {
			isa = XCBuildConfiguration;
			buildSettings = {
				CODE_SIGN_STYLE = Automatic;
				DEVELOPMENT_TEAM = 62SDS28JUT;
				ENABLE_HARDENED_RUNTIME = YES;
				PRODUCT_NAME = "$(TARGET_NAME)";
				SWIFT_VERSION = 5.0;
			};
			name = Release;
		};
/* End XCBuildConfiguration section */

/* Begin XCConfigurationList section */
		860108A528EEA2CC00028D8F /* Build configuration list for PBXProject "Bgorithm" */ = {
			isa = XCConfigurationList;
			buildConfigurations = (
				860108AF28EEA2CC00028D8F /* Debug */,
				860108B028EEA2CC00028D8F /* Release */,
			);
			defaultConfigurationIsVisible = 0;
			defaultConfigurationName = Release;
		};
		860108B128EEA2CC00028D8F /* Build configuration list for PBXNativeTarget "Bgorithm" */ = {
			isa = XCConfigurationList;
			buildConfigurations = (
				860108B228EEA2CC00028D8F /* Debug */,
				860108B328EEA2CC00028D8F /* Release */,
			);
			defaultConfigurationIsVisible = 0;
			defaultConfigurationName = Release;
		};
/* End XCConfigurationList section */
	};
	rootObject = 860108A228EEA2CC00028D8F /* Project object */;
}
